// !$*UTF8*$!
{
	archiveVersion = 1;
	classes = {
	};
	objectVersion = 60;
	objects = {

/* Begin PBXBuildFile section */
		C607D7132C967DC000CBE912 /* ExamplesApp.swift in Sources */ = {isa = PBXBuildFile; fileRef = C607D7122C967DC000CBE912 /* ExamplesApp.swift */; };
		C607D7172C967DC100CBE912 /* Assets.xcassets in Resources */ = {isa = PBXBuildFile; fileRef = C607D7162C967DC100CBE912 /* Assets.xcassets */; };
		C607D7242C967DC100CBE912 /* ExamplesTests.swift in Sources */ = {isa = PBXBuildFile; fileRef = C607D7232C967DC100CBE912 /* ExamplesTests.swift */; };
		C607D72E2C967DC100CBE912 /* ExamplesUITests.swift in Sources */ = {isa = PBXBuildFile; fileRef = C607D72D2C967DC100CBE912 /* ExamplesUITests.swift */; };
		C607D7302C967DC100CBE912 /* ExamplesUITestsLaunchTests.swift in Sources */ = {isa = PBXBuildFile; fileRef = C607D72F2C967DC100CBE912 /* ExamplesUITestsLaunchTests.swift */; };
		C607D73E2C967E2400CBE912 /* PKSFoundation in Frameworks */ = {isa = PBXBuildFile; productRef = C607D73D2C967E2400CBE912 /* PKSFoundation */; };
		C607D7402C967E2400CBE912 /* PKSNetwork in Frameworks */ = {isa = PBXBuildFile; productRef = C607D73F2C967E2400CBE912 /* PKSNetwork */; };
		C607D7422C967E2400CBE912 /* PKSUICore in Frameworks */ = {isa = PBXBuildFile; productRef = C607D7412C967E2400CBE912 /* PKSUICore */; };
		C607D7472C967E5B00CBE912 /* PKSNetworkAsyncAwaitExample.swift in Sources */ = {isa = PBXBuildFile; fileRef = C607D7462C967E5B00CBE912 /* PKSNetworkAsyncAwaitExample.swift */; };
		C607D7492C968A3300CBE912 /* Todo.swift in Sources */ = {isa = PBXBuildFile; fileRef = C607D7482C968A3300CBE912 /* Todo.swift */; };
		C607D74B2C968A4400CBE912 /* TodoRequest.swift in Sources */ = {isa = PBXBuildFile; fileRef = C607D74A2C968A4400CBE912 /* TodoRequest.swift */; };
		C607D74D2C968A5300CBE912 /* TokenProvider.swift in Sources */ = {isa = PBXBuildFile; fileRef = C607D74C2C968A5300CBE912 /* TokenProvider.swift */; };
		C607D74F2C968A6D00CBE912 /* PKSNetworkAsyncAwaitViewModel.swift in Sources */ = {isa = PBXBuildFile; fileRef = C607D74E2C968A6D00CBE912 /* PKSNetworkAsyncAwaitViewModel.swift */; };
		C607D7532C968B0700CBE912 /* Demos.swift in Sources */ = {isa = PBXBuildFile; fileRef = C607D7522C968B0500CBE912 /* Demos.swift */; };
		C607D7552C968E0700CBE912 /* PKSNetworkPublisherExample.swift in Sources */ = {isa = PBXBuildFile; fileRef = C607D7542C968E0700CBE912 /* PKSNetworkPublisherExample.swift */; };
		C607D7572C968EBC00CBE912 /* PKSNetworkPublisherViewModel.swift in Sources */ = {isa = PBXBuildFile; fileRef = C607D7562C968EBC00CBE912 /* PKSNetworkPublisherViewModel.swift */; };
/* End PBXBuildFile section */

/* Begin PBXContainerItemProxy section */
		C607D7202C967DC100CBE912 /* PBXContainerItemProxy */ = {
			isa = PBXContainerItemProxy;
			containerPortal = C607D7072C967DC000CBE912 /* Project object */;
			proxyType = 1;
			remoteGlobalIDString = C607D70E2C967DC000CBE912;
			remoteInfo = Examples;
		};
		C607D72A2C967DC100CBE912 /* PBXContainerItemProxy */ = {
			isa = PBXContainerItemProxy;
			containerPortal = C607D7072C967DC000CBE912 /* Project object */;
			proxyType = 1;
			remoteGlobalIDString = C607D70E2C967DC000CBE912;
			remoteInfo = Examples;
		};
/* End PBXContainerItemProxy section */

/* Begin PBXFileReference section */
		C607D70F2C967DC000CBE912 /* Examples.app */ = {isa = PBXFileReference; explicitFileType = wrapper.application; includeInIndex = 0; path = Examples.app; sourceTree = BUILT_PRODUCTS_DIR; };
		C607D7122C967DC000CBE912 /* ExamplesApp.swift */ = {isa = PBXFileReference; lastKnownFileType = sourcecode.swift; path = ExamplesApp.swift; sourceTree = "<group>"; };
		C607D7162C967DC100CBE912 /* Assets.xcassets */ = {isa = PBXFileReference; lastKnownFileType = folder.assetcatalog; path = Assets.xcassets; sourceTree = "<group>"; };
		C607D71F2C967DC100CBE912 /* ExamplesTests.xctest */ = {isa = PBXFileReference; explicitFileType = wrapper.cfbundle; includeInIndex = 0; path = ExamplesTests.xctest; sourceTree = BUILT_PRODUCTS_DIR; };
		C607D7232C967DC100CBE912 /* ExamplesTests.swift */ = {isa = PBXFileReference; lastKnownFileType = sourcecode.swift; path = ExamplesTests.swift; sourceTree = "<group>"; };
		C607D7292C967DC100CBE912 /* ExamplesUITests.xctest */ = {isa = PBXFileReference; explicitFileType = wrapper.cfbundle; includeInIndex = 0; path = ExamplesUITests.xctest; sourceTree = BUILT_PRODUCTS_DIR; };
		C607D72D2C967DC100CBE912 /* ExamplesUITests.swift */ = {isa = PBXFileReference; lastKnownFileType = sourcecode.swift; path = ExamplesUITests.swift; sourceTree = "<group>"; };
		C607D72F2C967DC100CBE912 /* ExamplesUITestsLaunchTests.swift */ = {isa = PBXFileReference; lastKnownFileType = sourcecode.swift; path = ExamplesUITestsLaunchTests.swift; sourceTree = "<group>"; };
		C607D7462C967E5B00CBE912 /* PKSNetworkAsyncAwaitExample.swift */ = {isa = PBXFileReference; lastKnownFileType = sourcecode.swift; path = PKSNetworkAsyncAwaitExample.swift; sourceTree = "<group>"; };
		C607D7482C968A3300CBE912 /* Todo.swift */ = {isa = PBXFileReference; lastKnownFileType = sourcecode.swift; path = Todo.swift; sourceTree = "<group>"; };
		C607D74A2C968A4400CBE912 /* TodoRequest.swift */ = {isa = PBXFileReference; lastKnownFileType = sourcecode.swift; path = TodoRequest.swift; sourceTree = "<group>"; };
		C607D74C2C968A5300CBE912 /* TokenProvider.swift */ = {isa = PBXFileReference; lastKnownFileType = sourcecode.swift; path = TokenProvider.swift; sourceTree = "<group>"; };
		C607D74E2C968A6D00CBE912 /* PKSNetworkAsyncAwaitViewModel.swift */ = {isa = PBXFileReference; lastKnownFileType = sourcecode.swift; path = PKSNetworkAsyncAwaitViewModel.swift; sourceTree = "<group>"; };
		C607D7522C968B0500CBE912 /* Demos.swift */ = {isa = PBXFileReference; lastKnownFileType = sourcecode.swift; path = Demos.swift; sourceTree = "<group>"; };
		C607D7542C968E0700CBE912 /* PKSNetworkPublisherExample.swift */ = {isa = PBXFileReference; lastKnownFileType = sourcecode.swift; path = PKSNetworkPublisherExample.swift; sourceTree = "<group>"; };
		C607D7562C968EBC00CBE912 /* PKSNetworkPublisherViewModel.swift */ = {isa = PBXFileReference; lastKnownFileType = sourcecode.swift; path = PKSNetworkPublisherViewModel.swift; sourceTree = "<group>"; };
/* End PBXFileReference section */

/* Begin PBXFrameworksBuildPhase section */
		C607D70C2C967DC000CBE912 /* Frameworks */ = {
			isa = PBXFrameworksBuildPhase;
			buildActionMask = 2147483647;
			files = (
				C607D7402C967E2400CBE912 /* PKSNetwork in Frameworks */,
				C607D7422C967E2400CBE912 /* PKSUICore in Frameworks */,
				C607D73E2C967E2400CBE912 /* PKSFoundation in Frameworks */,
			);
			runOnlyForDeploymentPostprocessing = 0;
		};
		C607D71C2C967DC100CBE912 /* Frameworks */ = {
			isa = PBXFrameworksBuildPhase;
			buildActionMask = 2147483647;
			files = (
			);
			runOnlyForDeploymentPostprocessing = 0;
		};
		C607D7262C967DC100CBE912 /* Frameworks */ = {
			isa = PBXFrameworksBuildPhase;
			buildActionMask = 2147483647;
			files = (
			);
			runOnlyForDeploymentPostprocessing = 0;
		};
/* End PBXFrameworksBuildPhase section */

/* Begin PBXGroup section */
		C607D7062C967DC000CBE912 = {
			isa = PBXGroup;
			children = (
				C607D7112C967DC000CBE912 /* Examples */,
				C607D7222C967DC100CBE912 /* ExamplesTests */,
				C607D72C2C967DC100CBE912 /* ExamplesUITests */,
				C607D7102C967DC000CBE912 /* Products */,
			);
			sourceTree = "<group>";
		};
		C607D7102C967DC000CBE912 /* Products */ = {
			isa = PBXGroup;
			children = (
				C607D70F2C967DC000CBE912 /* Examples.app */,
				C607D71F2C967DC100CBE912 /* ExamplesTests.xctest */,
				C607D7292C967DC100CBE912 /* ExamplesUITests.xctest */,
			);
			name = Products;
			sourceTree = "<group>";
		};
		C607D7112C967DC000CBE912 /* Examples */ = {
			isa = PBXGroup;
			children = (
				C607D7522C968B0500CBE912 /* Demos.swift */,
				C607D7122C967DC000CBE912 /* ExamplesApp.swift */,
				C607D7162C967DC100CBE912 /* Assets.xcassets */,
				C607D7432C967E3B00CBE912 /* PKSNetwork */,
				C607D7512C968AC800CBE912 /* Shared */,
			);
			path = Examples;
			sourceTree = "<group>";
		};
		C607D7222C967DC100CBE912 /* ExamplesTests */ = {
			isa = PBXGroup;
			children = (
				C607D7232C967DC100CBE912 /* ExamplesTests.swift */,
			);
			path = ExamplesTests;
			sourceTree = "<group>";
		};
		C607D72C2C967DC100CBE912 /* ExamplesUITests */ = {
			isa = PBXGroup;
			children = (
				C607D72D2C967DC100CBE912 /* ExamplesUITests.swift */,
				C607D72F2C967DC100CBE912 /* ExamplesUITestsLaunchTests.swift */,
			);
			path = ExamplesUITests;
			sourceTree = "<group>";
		};
		C607D7432C967E3B00CBE912 /* PKSNetwork */ = {
			isa = PBXGroup;
			children = (
				C607D7582C968EE800CBE912 /* Publisher */,
				C607D7502C968AAB00CBE912 /* Models */,
				C607D7592C968EEF00CBE912 /* AsyncAwait */,
			);
			path = PKSNetwork;
			sourceTree = "<group>";
		};
		C607D7502C968AAB00CBE912 /* Models */ = {
			isa = PBXGroup;
			children = (
				C607D74A2C968A4400CBE912 /* TodoRequest.swift */,
				C607D7482C968A3300CBE912 /* Todo.swift */,
			);
			path = Models;
			sourceTree = "<group>";
		};
		C607D7512C968AC800CBE912 /* Shared */ = {
			isa = PBXGroup;
			children = (
				C607D74C2C968A5300CBE912 /* TokenProvider.swift */,
			);
			path = Shared;
			sourceTree = "<group>";
		};
		C607D7582C968EE800CBE912 /* Publisher */ = {
			isa = PBXGroup;
			children = (
				C607D7562C968EBC00CBE912 /* PKSNetworkPublisherViewModel.swift */,
				C607D7542C968E0700CBE912 /* PKSNetworkPublisherExample.swift */,
			);
			path = Publisher;
			sourceTree = "<group>";
		};
		C607D7592C968EEF00CBE912 /* AsyncAwait */ = {
			isa = PBXGroup;
			children = (
				C607D7462C967E5B00CBE912 /* PKSNetworkAsyncAwaitExample.swift */,
				C607D74E2C968A6D00CBE912 /* PKSNetworkAsyncAwaitViewModel.swift */,
			);
			path = AsyncAwait;
			sourceTree = "<group>";
		};
/* End PBXGroup section */

/* Begin PBXNativeTarget section */
		C607D70E2C967DC000CBE912 /* Examples */ = {
			isa = PBXNativeTarget;
			buildConfigurationList = C607D7332C967DC100CBE912 /* Build configuration list for PBXNativeTarget "Examples" */;
			buildPhases = (
				C607D70B2C967DC000CBE912 /* Sources */,
				C607D70C2C967DC000CBE912 /* Frameworks */,
				C607D70D2C967DC000CBE912 /* Resources */,
			);
			buildRules = (
			);
			dependencies = (
			);
			name = Examples;
			packageProductDependencies = (
				C607D73D2C967E2400CBE912 /* PKSFoundation */,
				C607D73F2C967E2400CBE912 /* PKSNetwork */,
				C607D7412C967E2400CBE912 /* PKSUICore */,
			);
			productName = Examples;
			productReference = C607D70F2C967DC000CBE912 /* Examples.app */;
			productType = "com.apple.product-type.application";
		};
		C607D71E2C967DC100CBE912 /* ExamplesTests */ = {
			isa = PBXNativeTarget;
			buildConfigurationList = C607D7362C967DC100CBE912 /* Build configuration list for PBXNativeTarget "ExamplesTests" */;
			buildPhases = (
				C607D71B2C967DC100CBE912 /* Sources */,
				C607D71C2C967DC100CBE912 /* Frameworks */,
				C607D71D2C967DC100CBE912 /* Resources */,
			);
			buildRules = (
			);
			dependencies = (
				C607D7212C967DC100CBE912 /* PBXTargetDependency */,
			);
			name = ExamplesTests;
			productName = ExamplesTests;
			productReference = C607D71F2C967DC100CBE912 /* ExamplesTests.xctest */;
			productType = "com.apple.product-type.bundle.unit-test";
		};
		C607D7282C967DC100CBE912 /* ExamplesUITests */ = {
			isa = PBXNativeTarget;
			buildConfigurationList = C607D7392C967DC100CBE912 /* Build configuration list for PBXNativeTarget "ExamplesUITests" */;
			buildPhases = (
				C607D7252C967DC100CBE912 /* Sources */,
				C607D7262C967DC100CBE912 /* Frameworks */,
				C607D7272C967DC100CBE912 /* Resources */,
			);
			buildRules = (
			);
			dependencies = (
				C607D72B2C967DC100CBE912 /* PBXTargetDependency */,
			);
			name = ExamplesUITests;
			productName = ExamplesUITests;
			productReference = C607D7292C967DC100CBE912 /* ExamplesUITests.xctest */;
			productType = "com.apple.product-type.bundle.ui-testing";
		};
/* End PBXNativeTarget section */

/* Begin PBXProject section */
		C607D7072C967DC000CBE912 /* Project object */ = {
			isa = PBXProject;
			attributes = {
				BuildIndependentTargetsInParallel = 1;
				LastSwiftUpdateCheck = 1600;
				LastUpgradeCheck = 1600;
				TargetAttributes = {
					C607D70E2C967DC000CBE912 = {
						CreatedOnToolsVersion = 16.0;
					};
					C607D71E2C967DC100CBE912 = {
						CreatedOnToolsVersion = 16.0;
						TestTargetID = C607D70E2C967DC000CBE912;
					};
					C607D7282C967DC100CBE912 = {
						CreatedOnToolsVersion = 16.0;
						TestTargetID = C607D70E2C967DC000CBE912;
					};
				};
			};
			buildConfigurationList = C607D70A2C967DC000CBE912 /* Build configuration list for PBXProject "Examples" */;
			compatibilityVersion = "Xcode 15.0";
			developmentRegion = en;
			hasScannedForEncodings = 0;
			knownRegions = (
				en,
				Base,
			);
			mainGroup = C607D7062C967DC000CBE912;
			packageReferences = (
				C607D73C2C967E2400CBE912 /* XCRemoteSwiftPackageReference "PKSCore" */,
			);
			productRefGroup = C607D7102C967DC000CBE912 /* Products */;
			projectDirPath = "";
			projectRoot = "";
			targets = (
				C607D70E2C967DC000CBE912 /* Examples */,
				C607D71E2C967DC100CBE912 /* ExamplesTests */,
				C607D7282C967DC100CBE912 /* ExamplesUITests */,
			);
		};
/* End PBXProject section */

/* Begin PBXResourcesBuildPhase section */
		C607D70D2C967DC000CBE912 /* Resources */ = {
			isa = PBXResourcesBuildPhase;
			buildActionMask = 2147483647;
			files = (
				C607D7172C967DC100CBE912 /* Assets.xcassets in Resources */,
			);
			runOnlyForDeploymentPostprocessing = 0;
		};
		C607D71D2C967DC100CBE912 /* Resources */ = {
			isa = PBXResourcesBuildPhase;
			buildActionMask = 2147483647;
			files = (
			);
			runOnlyForDeploymentPostprocessing = 0;
		};
		C607D7272C967DC100CBE912 /* Resources */ = {
			isa = PBXResourcesBuildPhase;
			buildActionMask = 2147483647;
			files = (
			);
			runOnlyForDeploymentPostprocessing = 0;
		};
/* End PBXResourcesBuildPhase section */

/* Begin PBXSourcesBuildPhase section */
		C607D70B2C967DC000CBE912 /* Sources */ = {
			isa = PBXSourcesBuildPhase;
			buildActionMask = 2147483647;
			files = (
				C607D7572C968EBC00CBE912 /* PKSNetworkPublisherViewModel.swift in Sources */,
				C607D7132C967DC000CBE912 /* ExamplesApp.swift in Sources */,
				C607D7472C967E5B00CBE912 /* PKSNetworkAsyncAwaitExample.swift in Sources */,
				C607D7552C968E0700CBE912 /* PKSNetworkPublisherExample.swift in Sources */,
				C607D7492C968A3300CBE912 /* Todo.swift in Sources */,
				C607D7532C968B0700CBE912 /* Demos.swift in Sources */,
				C607D74D2C968A5300CBE912 /* TokenProvider.swift in Sources */,
				C607D74B2C968A4400CBE912 /* TodoRequest.swift in Sources */,
				C607D74F2C968A6D00CBE912 /* PKSNetworkAsyncAwaitViewModel.swift in Sources */,
			);
			runOnlyForDeploymentPostprocessing = 0;
		};
		C607D71B2C967DC100CBE912 /* Sources */ = {
			isa = PBXSourcesBuildPhase;
			buildActionMask = 2147483647;
			files = (
				C607D7242C967DC100CBE912 /* ExamplesTests.swift in Sources */,
			);
			runOnlyForDeploymentPostprocessing = 0;
		};
		C607D7252C967DC100CBE912 /* Sources */ = {
			isa = PBXSourcesBuildPhase;
			buildActionMask = 2147483647;
			files = (
				C607D7302C967DC100CBE912 /* ExamplesUITestsLaunchTests.swift in Sources */,
				C607D72E2C967DC100CBE912 /* ExamplesUITests.swift in Sources */,
			);
			runOnlyForDeploymentPostprocessing = 0;
		};
/* End PBXSourcesBuildPhase section */

/* Begin PBXTargetDependency section */
		C607D7212C967DC100CBE912 /* PBXTargetDependency */ = {
			isa = PBXTargetDependency;
			target = C607D70E2C967DC000CBE912 /* Examples */;
			targetProxy = C607D7202C967DC100CBE912 /* PBXContainerItemProxy */;
		};
		C607D72B2C967DC100CBE912 /* PBXTargetDependency */ = {
			isa = PBXTargetDependency;
			target = C607D70E2C967DC000CBE912 /* Examples */;
			targetProxy = C607D72A2C967DC100CBE912 /* PBXContainerItemProxy */;
		};
/* End PBXTargetDependency section */

/* Begin XCBuildConfiguration section */
		C607D7312C967DC100CBE912 /* Debug */ = {
			isa = XCBuildConfiguration;
			buildSettings = {
				ALWAYS_SEARCH_USER_PATHS = NO;
				ASSETCATALOG_COMPILER_GENERATE_SWIFT_ASSET_SYMBOL_EXTENSIONS = YES;
				CLANG_ANALYZER_NONNULL = YES;
				CLANG_ANALYZER_NUMBER_OBJECT_CONVERSION = YES_AGGRESSIVE;
				CLANG_CXX_LANGUAGE_STANDARD = "gnu++20";
				CLANG_ENABLE_MODULES = YES;
				CLANG_ENABLE_OBJC_ARC = YES;
				CLANG_ENABLE_OBJC_WEAK = YES;
				CLANG_WARN_BLOCK_CAPTURE_AUTORELEASING = YES;
				CLANG_WARN_BOOL_CONVERSION = YES;
				CLANG_WARN_COMMA = YES;
				CLANG_WARN_CONSTANT_CONVERSION = YES;
				CLANG_WARN_DEPRECATED_OBJC_IMPLEMENTATIONS = YES;
				CLANG_WARN_DIRECT_OBJC_ISA_USAGE = YES_ERROR;
				CLANG_WARN_DOCUMENTATION_COMMENTS = YES;
				CLANG_WARN_EMPTY_BODY = YES;
				CLANG_WARN_ENUM_CONVERSION = YES;
				CLANG_WARN_INFINITE_RECURSION = YES;
				CLANG_WARN_INT_CONVERSION = YES;
				CLANG_WARN_NON_LITERAL_NULL_CONVERSION = YES;
				CLANG_WARN_OBJC_IMPLICIT_RETAIN_SELF = YES;
				CLANG_WARN_OBJC_LITERAL_CONVERSION = YES;
				CLANG_WARN_OBJC_ROOT_CLASS = YES_ERROR;
				CLANG_WARN_QUOTED_INCLUDE_IN_FRAMEWORK_HEADER = YES;
				CLANG_WARN_RANGE_LOOP_ANALYSIS = YES;
				CLANG_WARN_STRICT_PROTOTYPES = YES;
				CLANG_WARN_SUSPICIOUS_MOVE = YES;
				CLANG_WARN_UNGUARDED_AVAILABILITY = YES_AGGRESSIVE;
				CLANG_WARN_UNREACHABLE_CODE = YES;
				CLANG_WARN__DUPLICATE_METHOD_MATCH = YES;
				COPY_PHASE_STRIP = NO;
				DEBUG_INFORMATION_FORMAT = dwarf;
				ENABLE_STRICT_OBJC_MSGSEND = YES;
				ENABLE_TESTABILITY = YES;
				ENABLE_USER_SCRIPT_SANDBOXING = YES;
				GCC_C_LANGUAGE_STANDARD = gnu17;
				GCC_DYNAMIC_NO_PIC = NO;
				GCC_NO_COMMON_BLOCKS = YES;
				GCC_OPTIMIZATION_LEVEL = 0;
				GCC_PREPROCESSOR_DEFINITIONS = (
					"DEBUG=1",
					"$(inherited)",
				);
				GCC_WARN_64_TO_32_BIT_CONVERSION = YES;
				GCC_WARN_ABOUT_RETURN_TYPE = YES_ERROR;
				GCC_WARN_UNDECLARED_SELECTOR = YES;
				GCC_WARN_UNINITIALIZED_AUTOS = YES_AGGRESSIVE;
				GCC_WARN_UNUSED_FUNCTION = YES;
				GCC_WARN_UNUSED_VARIABLE = YES;
				IPHONEOS_DEPLOYMENT_TARGET = 18.0;
				LOCALIZATION_PREFERS_STRING_CATALOGS = YES;
				MTL_ENABLE_DEBUG_INFO = INCLUDE_SOURCE;
				MTL_FAST_MATH = YES;
				ONLY_ACTIVE_ARCH = YES;
				SDKROOT = iphoneos;
				SWIFT_ACTIVE_COMPILATION_CONDITIONS = "DEBUG $(inherited)";
				SWIFT_OPTIMIZATION_LEVEL = "-Onone";
			};
			name = Debug;
		};
		C607D7322C967DC100CBE912 /* Release */ = {
			isa = XCBuildConfiguration;
			buildSettings = {
				ALWAYS_SEARCH_USER_PATHS = NO;
				ASSETCATALOG_COMPILER_GENERATE_SWIFT_ASSET_SYMBOL_EXTENSIONS = YES;
				CLANG_ANALYZER_NONNULL = YES;
				CLANG_ANALYZER_NUMBER_OBJECT_CONVERSION = YES_AGGRESSIVE;
				CLANG_CXX_LANGUAGE_STANDARD = "gnu++20";
				CLANG_ENABLE_MODULES = YES;
				CLANG_ENABLE_OBJC_ARC = YES;
				CLANG_ENABLE_OBJC_WEAK = YES;
				CLANG_WARN_BLOCK_CAPTURE_AUTORELEASING = YES;
				CLANG_WARN_BOOL_CONVERSION = YES;
				CLANG_WARN_COMMA = YES;
				CLANG_WARN_CONSTANT_CONVERSION = YES;
				CLANG_WARN_DEPRECATED_OBJC_IMPLEMENTATIONS = YES;
				CLANG_WARN_DIRECT_OBJC_ISA_USAGE = YES_ERROR;
				CLANG_WARN_DOCUMENTATION_COMMENTS = YES;
				CLANG_WARN_EMPTY_BODY = YES;
				CLANG_WARN_ENUM_CONVERSION = YES;
				CLANG_WARN_INFINITE_RECURSION = YES;
				CLANG_WARN_INT_CONVERSION = YES;
				CLANG_WARN_NON_LITERAL_NULL_CONVERSION = YES;
				CLANG_WARN_OBJC_IMPLICIT_RETAIN_SELF = YES;
				CLANG_WARN_OBJC_LITERAL_CONVERSION = YES;
				CLANG_WARN_OBJC_ROOT_CLASS = YES_ERROR;
				CLANG_WARN_QUOTED_INCLUDE_IN_FRAMEWORK_HEADER = YES;
				CLANG_WARN_RANGE_LOOP_ANALYSIS = YES;
				CLANG_WARN_STRICT_PROTOTYPES = YES;
				CLANG_WARN_SUSPICIOUS_MOVE = YES;
				CLANG_WARN_UNGUARDED_AVAILABILITY = YES_AGGRESSIVE;
				CLANG_WARN_UNREACHABLE_CODE = YES;
				CLANG_WARN__DUPLICATE_METHOD_MATCH = YES;
				COPY_PHASE_STRIP = NO;
				DEBUG_INFORMATION_FORMAT = "dwarf-with-dsym";
				ENABLE_NS_ASSERTIONS = NO;
				ENABLE_STRICT_OBJC_MSGSEND = YES;
				ENABLE_USER_SCRIPT_SANDBOXING = YES;
				GCC_C_LANGUAGE_STANDARD = gnu17;
				GCC_NO_COMMON_BLOCKS = YES;
				GCC_WARN_64_TO_32_BIT_CONVERSION = YES;
				GCC_WARN_ABOUT_RETURN_TYPE = YES_ERROR;
				GCC_WARN_UNDECLARED_SELECTOR = YES;
				GCC_WARN_UNINITIALIZED_AUTOS = YES_AGGRESSIVE;
				GCC_WARN_UNUSED_FUNCTION = YES;
				GCC_WARN_UNUSED_VARIABLE = YES;
				IPHONEOS_DEPLOYMENT_TARGET = 18.0;
				LOCALIZATION_PREFERS_STRING_CATALOGS = YES;
				MTL_ENABLE_DEBUG_INFO = NO;
				MTL_FAST_MATH = YES;
				SDKROOT = iphoneos;
				SWIFT_COMPILATION_MODE = wholemodule;
				VALIDATE_PRODUCT = YES;
			};
			name = Release;
		};
		C607D7342C967DC100CBE912 /* Debug */ = {
			isa = XCBuildConfiguration;
			buildSettings = {
				ASSETCATALOG_COMPILER_APPICON_NAME = AppIcon;
				ASSETCATALOG_COMPILER_GLOBAL_ACCENT_COLOR_NAME = AccentColor;
				CODE_SIGN_STYLE = Automatic;
				CURRENT_PROJECT_VERSION = 1;
				DEVELOPMENT_ASSET_PATHS = "";
				DEVELOPMENT_TEAM = JGA4594YWM;
				ENABLE_PREVIEWS = YES;
				GENERATE_INFOPLIST_FILE = YES;
				INFOPLIST_KEY_UIApplicationSceneManifest_Generation = YES;
				INFOPLIST_KEY_UIApplicationSupportsIndirectInputEvents = YES;
				INFOPLIST_KEY_UILaunchScreen_Generation = YES;
				INFOPLIST_KEY_UISupportedInterfaceOrientations_iPad = "UIInterfaceOrientationPortrait UIInterfaceOrientationPortraitUpsideDown UIInterfaceOrientationLandscapeLeft UIInterfaceOrientationLandscapeRight";
				INFOPLIST_KEY_UISupportedInterfaceOrientations_iPhone = "UIInterfaceOrientationPortrait UIInterfaceOrientationLandscapeLeft UIInterfaceOrientationLandscapeRight";
				LD_RUNPATH_SEARCH_PATHS = (
					"$(inherited)",
					"@executable_path/Frameworks",
				);
				MARKETING_VERSION = 1.0;
				PRODUCT_BUNDLE_IDENTIFIER = com.poikus.demo.Examples;
				PRODUCT_NAME = "$(TARGET_NAME)";
				SWIFT_EMIT_LOC_STRINGS = YES;
				SWIFT_VERSION = 5.0;
				TARGETED_DEVICE_FAMILY = "1,2";
			};
			name = Debug;
		};
		C607D7352C967DC100CBE912 /* Release */ = {
			isa = XCBuildConfiguration;
			buildSettings = {
				ASSETCATALOG_COMPILER_APPICON_NAME = AppIcon;
				ASSETCATALOG_COMPILER_GLOBAL_ACCENT_COLOR_NAME = AccentColor;
				CODE_SIGN_STYLE = Automatic;
				CURRENT_PROJECT_VERSION = 1;
				DEVELOPMENT_ASSET_PATHS = "";
				DEVELOPMENT_TEAM = JGA4594YWM;
				ENABLE_PREVIEWS = YES;
				GENERATE_INFOPLIST_FILE = YES;
				INFOPLIST_KEY_UIApplicationSceneManifest_Generation = YES;
				INFOPLIST_KEY_UIApplicationSupportsIndirectInputEvents = YES;
				INFOPLIST_KEY_UILaunchScreen_Generation = YES;
				INFOPLIST_KEY_UISupportedInterfaceOrientations_iPad = "UIInterfaceOrientationPortrait UIInterfaceOrientationPortraitUpsideDown UIInterfaceOrientationLandscapeLeft UIInterfaceOrientationLandscapeRight";
				INFOPLIST_KEY_UISupportedInterfaceOrientations_iPhone = "UIInterfaceOrientationPortrait UIInterfaceOrientationLandscapeLeft UIInterfaceOrientationLandscapeRight";
				LD_RUNPATH_SEARCH_PATHS = (
					"$(inherited)",
					"@executable_path/Frameworks",
				);
				MARKETING_VERSION = 1.0;
				PRODUCT_BUNDLE_IDENTIFIER = com.poikus.demo.Examples;
				PRODUCT_NAME = "$(TARGET_NAME)";
				SWIFT_EMIT_LOC_STRINGS = YES;
				SWIFT_VERSION = 5.0;
				TARGETED_DEVICE_FAMILY = "1,2";
			};
			name = Release;
		};
		C607D7372C967DC100CBE912 /* Debug */ = {
			isa = XCBuildConfiguration;
			buildSettings = {
				BUNDLE_LOADER = "$(TEST_HOST)";
				CODE_SIGN_STYLE = Automatic;
				CURRENT_PROJECT_VERSION = 1;
				DEVELOPMENT_TEAM = JGA4594YWM;
				GENERATE_INFOPLIST_FILE = YES;
				IPHONEOS_DEPLOYMENT_TARGET = 18.0;
				MARKETING_VERSION = 1.0;
				PRODUCT_BUNDLE_IDENTIFIER = com.poikus.demo.ExamplesTests;
				PRODUCT_NAME = "$(TARGET_NAME)";
				SWIFT_EMIT_LOC_STRINGS = NO;
				SWIFT_VERSION = 5.0;
				TARGETED_DEVICE_FAMILY = "1,2";
				TEST_HOST = "$(BUILT_PRODUCTS_DIR)/Examples.app/$(BUNDLE_EXECUTABLE_FOLDER_PATH)/Examples";
			};
			name = Debug;
		};
		C607D7382C967DC100CBE912 /* Release */ = {
			isa = XCBuildConfiguration;
			buildSettings = {
				BUNDLE_LOADER = "$(TEST_HOST)";
				CODE_SIGN_STYLE = Automatic;
				CURRENT_PROJECT_VERSION = 1;
				DEVELOPMENT_TEAM = JGA4594YWM;
				GENERATE_INFOPLIST_FILE = YES;
				IPHONEOS_DEPLOYMENT_TARGET = 18.0;
				MARKETING_VERSION = 1.0;
				PRODUCT_BUNDLE_IDENTIFIER = com.poikus.demo.ExamplesTests;
				PRODUCT_NAME = "$(TARGET_NAME)";
				SWIFT_EMIT_LOC_STRINGS = NO;
				SWIFT_VERSION = 5.0;
				TARGETED_DEVICE_FAMILY = "1,2";
				TEST_HOST = "$(BUILT_PRODUCTS_DIR)/Examples.app/$(BUNDLE_EXECUTABLE_FOLDER_PATH)/Examples";
			};
			name = Release;
		};
		C607D73A2C967DC100CBE912 /* Debug */ = {
			isa = XCBuildConfiguration;
			buildSettings = {
				CODE_SIGN_STYLE = Automatic;
				CURRENT_PROJECT_VERSION = 1;
				DEVELOPMENT_TEAM = JGA4594YWM;
				GENERATE_INFOPLIST_FILE = YES;
				MARKETING_VERSION = 1.0;
				PRODUCT_BUNDLE_IDENTIFIER = com.poikus.demo.ExamplesUITests;
				PRODUCT_NAME = "$(TARGET_NAME)";
				SWIFT_EMIT_LOC_STRINGS = NO;
				SWIFT_VERSION = 5.0;
				TARGETED_DEVICE_FAMILY = "1,2";
				TEST_TARGET_NAME = Examples;
			};
			name = Debug;
		};
		C607D73B2C967DC100CBE912 /* Release */ = {
			isa = XCBuildConfiguration;
			buildSettings = {
				CODE_SIGN_STYLE = Automatic;
				CURRENT_PROJECT_VERSION = 1;
				DEVELOPMENT_TEAM = JGA4594YWM;
				GENERATE_INFOPLIST_FILE = YES;
				MARKETING_VERSION = 1.0;
				PRODUCT_BUNDLE_IDENTIFIER = com.poikus.demo.ExamplesUITests;
				PRODUCT_NAME = "$(TARGET_NAME)";
				SWIFT_EMIT_LOC_STRINGS = NO;
				SWIFT_VERSION = 5.0;
				TARGETED_DEVICE_FAMILY = "1,2";
				TEST_TARGET_NAME = Examples;
			};
			name = Release;
		};
/* End XCBuildConfiguration section */

/* Begin XCConfigurationList section */
		C607D70A2C967DC000CBE912 /* Build configuration list for PBXProject "Examples" */ = {
			isa = XCConfigurationList;
			buildConfigurations = (
				C607D7312C967DC100CBE912 /* Debug */,
				C607D7322C967DC100CBE912 /* Release */,
			);
			defaultConfigurationIsVisible = 0;
			defaultConfigurationName = Release;
		};
		C607D7332C967DC100CBE912 /* Build configuration list for PBXNativeTarget "Examples" */ = {
			isa = XCConfigurationList;
			buildConfigurations = (
				C607D7342C967DC100CBE912 /* Debug */,
				C607D7352C967DC100CBE912 /* Release */,
			);
			defaultConfigurationIsVisible = 0;
			defaultConfigurationName = Release;
		};
		C607D7362C967DC100CBE912 /* Build configuration list for PBXNativeTarget "ExamplesTests" */ = {
			isa = XCConfigurationList;
			buildConfigurations = (
				C607D7372C967DC100CBE912 /* Debug */,
				C607D7382C967DC100CBE912 /* Release */,
			);
			defaultConfigurationIsVisible = 0;
			defaultConfigurationName = Release;
		};
		C607D7392C967DC100CBE912 /* Build configuration list for PBXNativeTarget "ExamplesUITests" */ = {
			isa = XCConfigurationList;
			buildConfigurations = (
				C607D73A2C967DC100CBE912 /* Debug */,
				C607D73B2C967DC100CBE912 /* Release */,
			);
			defaultConfigurationIsVisible = 0;
			defaultConfigurationName = Release;
		};
/* End XCConfigurationList section */

/* Begin XCRemoteSwiftPackageReference section */
		C607D73C2C967E2400CBE912 /* XCRemoteSwiftPackageReference "PKSCore" */ = {
			isa = XCRemoteSwiftPackageReference;
			repositoryURL = "https://github.com/ohk/PKSCore.git";
			requirement = {
				kind = exactVersion;
				version = 0.3.2;
			};
		};
/* End XCRemoteSwiftPackageReference section */

/* Begin XCSwiftPackageProductDependency section */
		C607D73D2C967E2400CBE912 /* PKSFoundation */ = {
			isa = XCSwiftPackageProductDependency;
			package = C607D73C2C967E2400CBE912 /* XCRemoteSwiftPackageReference "PKSCore" */;
			productName = PKSFoundation;
		};
		C607D73F2C967E2400CBE912 /* PKSNetwork */ = {
			isa = XCSwiftPackageProductDependency;
			package = C607D73C2C967E2400CBE912 /* XCRemoteSwiftPackageReference "PKSCore" */;
			productName = PKSNetwork;
		};
		C607D7412C967E2400CBE912 /* PKSUICore */ = {
			isa = XCSwiftPackageProductDependency;
			package = C607D73C2C967E2400CBE912 /* XCRemoteSwiftPackageReference "PKSCore" */;
			productName = PKSUICore;
		};
/* End XCSwiftPackageProductDependency section */
	};
	rootObject = C607D7072C967DC000CBE912 /* Project object */;
}
